
Microsoft Visual Studio Solution File, Format Version 12.00
# Visual Studio 15
VisualStudioVersion = 15.0.28010.2036
MinimumVisualStudioVersion = 10.0.40219.1
Project("{FAE04EC0-301F-11D3-BF4B-00C04F79EFBC}") = "BisectionAlgConsoleApp", "BisectionAlgConsoleApp\BisectionAlgConsoleApp.csproj", "{31F99823-83DA-4B1D-9B28-2A17A153FBAB}"
EndProject
Project("{FAE04EC0-301F-11D3-BF4B-00C04F79EFBC}") = "HumanGuessingGame", "HumanGuessingGame\HumanGuessingGame.csproj", "{6D580616-FEEF-4443-85F1-A62422F4DE53}"
EndProject
Project("{FAE04EC0-301F-11D3-BF4B-00C04F79EFBC}") = "ComputerGuessingGame", "ComputerGuessingGame\ComputerGuessingGame.csproj", "{704269D3-AB42-46F9-8B3C-4470BF9F22EF}"
EndProject
Global
	GlobalSection(SolutionConfigurationPlatforms) = preSolution
		Debug|Any CPU = Debug|Any CPU
		Release|Any CPU = Release|Any CPU
	EndGlobalSection
	GlobalSection(ProjectConfigurationPlatforms) = postSolution
		{31F99823-83DA-4B1D-9B28-2A17A153FBAB}.Debug|Any CPU.ActiveCfg = Debug|Any CPU
		{31F99823-83DA-4B1D-9B28-2A17A153FBAB}.Debug|Any CPU.Build.0 = Debug|Any CPU
		{31F99823-83DA-4B1D-9B28-2A17A153FBAB}.Release|Any CPU.ActiveCfg = Release|Any CPU
		{31F99823-83DA-4B1D-9B28-2A17A153FBAB}.Release|Any CPU.Build.0 = Release|Any CPU
		{6D580616-FEEF-4443-85F1-A62422F4DE53}.Debug|Any CPU.ActiveCfg = Debug|Any CPU
		{6D580616-FEEF-4443-85F1-A62422F4DE53}.Debug|Any CPU.Build.0 = Debug|Any CPU
		{6D580616-FEEF-4443-85F1-A62422F4DE53}.Release|Any CPU.ActiveCfg = Release|Any CPU
		{6D580616-FEEF-4443-85F1-A62422F4DE53}.Release|Any CPU.Build.0 = Release|Any CPU
		{704269D3-AB42-46F9-8B3C-4470BF9F22EF}.Debug|Any CPU.ActiveCfg = Debug|Any CPU
		{704269D3-AB42-46F9-8B3C-4470BF9F22EF}.Debug|Any CPU.Build.0 = Debug|Any CPU
		{704269D3-AB42-46F9-8B3C-4470BF9F22EF}.Release|Any CPU.ActiveCfg = Release|Any CPU
		{704269D3-AB42-46F9-8B3C-4470BF9F22EF}.Release|Any CPU.Build.0 = Release|Any CPU
	EndGlobalSection
	GlobalSection(SolutionProperties) = preSolution
		HideSolutionNode = FALSE
	EndGlobalSection
	GlobalSection(ExtensibilityGlobals) = postSolution
		SolutionGuid = {FA000D40-0DAA-4639-85EE-2A9FF95A6A7D}
	EndGlobalSection
EndGlobal
